// !$*UTF8*$!
{
	archiveVersion = 1;
	classes = {
	};
	objectVersion = 56;
	objects = {

/* Begin PBXBuildFile section */
		852846B22B4BC5FB00D3ABC6 /* AppDelegate.swift in Sources */ = {isa = PBXBuildFile; fileRef = 852846B12B4BC5FB00D3ABC6 /* AppDelegate.swift */; };
		852846B42B4BC5FB00D3ABC6 /* SceneDelegate.swift in Sources */ = {isa = PBXBuildFile; fileRef = 852846B32B4BC5FB00D3ABC6 /* SceneDelegate.swift */; };
		852846B62B4BC5FB00D3ABC6 /* ViewController.swift in Sources */ = {isa = PBXBuildFile; fileRef = 852846B52B4BC5FB00D3ABC6 /* ViewController.swift */; };
		852846B92B4BC5FB00D3ABC6 /* Main.storyboard in Resources */ = {isa = PBXBuildFile; fileRef = 852846B72B4BC5FB00D3ABC6 /* Main.storyboard */; };
		852846BB2B4BC5FC00D3ABC6 /* Assets.xcassets in Resources */ = {isa = PBXBuildFile; fileRef = 852846BA2B4BC5FC00D3ABC6 /* Assets.xcassets */; };
		852846BE2B4BC5FC00D3ABC6 /* LaunchScreen.storyboard in Resources */ = {isa = PBXBuildFile; fileRef = 852846BC2B4BC5FC00D3ABC6 /* LaunchScreen.storyboard */; };
		852846C62B4BC60E00D3ABC6 /* BlogPostViewModel.swift in Sources */ = {isa = PBXBuildFile; fileRef = 852846C52B4BC60E00D3ABC6 /* BlogPostViewModel.swift */; };
		852846C82B4BC68600D3ABC6 /* ViewModel.swift in Sources */ = {isa = PBXBuildFile; fileRef = 852846C72B4BC68600D3ABC6 /* ViewModel.swift */; };
/* End PBXBuildFile section */

/* Begin PBXFileReference section */
		852846AE2B4BC5FB00D3ABC6 /* BlogPost.app */ = {isa = PBXFileReference; explicitFileType = wrapper.application; includeInIndex = 0; path = BlogPost.app; sourceTree = BUILT_PRODUCTS_DIR; };
		852846B12B4BC5FB00D3ABC6 /* AppDelegate.swift */ = {isa = PBXFileReference; lastKnownFileType = sourcecode.swift; path = AppDelegate.swift; sourceTree = "<group>"; };
		852846B32B4BC5FB00D3ABC6 /* SceneDelegate.swift */ = {isa = PBXFileReference; lastKnownFileType = sourcecode.swift; path = SceneDelegate.swift; sourceTree = "<group>"; };
		852846B52B4BC5FB00D3ABC6 /* ViewController.swift */ = {isa = PBXFileReference; lastKnownFileType = sourcecode.swift; path = ViewController.swift; sourceTree = "<group>"; };
		852846B82B4BC5FB00D3ABC6 /* Base */ = {isa = PBXFileReference; lastKnownFileType = file.storyboard; name = Base; path = Base.lproj/Main.storyboard; sourceTree = "<group>"; };
		852846BA2B4BC5FC00D3ABC6 /* Assets.xcassets */ = {isa = PBXFileReference; lastKnownFileType = folder.assetcatalog; path = Assets.xcassets; sourceTree = "<group>"; };
		852846BD2B4BC5FC00D3ABC6 /* Base */ = {isa = PBXFileReference; lastKnownFileType = file.storyboard; name = Base; path = Base.lproj/LaunchScreen.storyboard; sourceTree = "<group>"; };
		852846BF2B4BC5FC00D3ABC6 /* Info.plist */ = {isa = PBXFileReference; lastKnownFileType = text.plist.xml; path = Info.plist; sourceTree = "<group>"; };
		852846C52B4BC60E00D3ABC6 /* BlogPostViewModel.swift */ = {isa = PBXFileReference; lastKnownFileType = sourcecode.swift; path = BlogPostViewModel.swift; sourceTree = "<group>"; };
		852846C72B4BC68600D3ABC6 /* ViewModel.swift */ = {isa = PBXFileReference; lastKnownFileType = sourcecode.swift; path = ViewModel.swift; sourceTree = "<group>"; };
/* End PBXFileReference section */

/* Begin PBXFrameworksBuildPhase section */
		852846AB2B4BC5FB00D3ABC6 /* Frameworks */ = {
			isa = PBXFrameworksBuildPhase;
			buildActionMask = 2147483647;
			files = (
			);
			runOnlyForDeploymentPostprocessing = 0;
		};
/* End PBXFrameworksBuildPhase section */

/* Begin PBXGroup section */
		852846A52B4BC5FB00D3ABC6 = {
			isa = PBXGroup;
			children = (
				852846B02B4BC5FB00D3ABC6 /* BlogPost */,
				852846AF2B4BC5FB00D3ABC6 /* Products */,
			);
			sourceTree = "<group>";
		};
		852846AF2B4BC5FB00D3ABC6 /* Products */ = {
			isa = PBXGroup;
			children = (
				852846AE2B4BC5FB00D3ABC6 /* BlogPost.app */,
			);
			name = Products;
			sourceTree = "<group>";
		};
		852846B02B4BC5FB00D3ABC6 /* BlogPost */ = {
			isa = PBXGroup;
			children = (
				852846B12B4BC5FB00D3ABC6 /* AppDelegate.swift */,
				852846B32B4BC5FB00D3ABC6 /* SceneDelegate.swift */,
				852846B52B4BC5FB00D3ABC6 /* ViewController.swift */,
				852846C52B4BC60E00D3ABC6 /* BlogPostViewModel.swift */,
				852846B72B4BC5FB00D3ABC6 /* Main.storyboard */,
				852846BA2B4BC5FC00D3ABC6 /* Assets.xcassets */,
				852846BC2B4BC5FC00D3ABC6 /* LaunchScreen.storyboard */,
				852846BF2B4BC5FC00D3ABC6 /* Info.plist */,
				852846C72B4BC68600D3ABC6 /* ViewModel.swift */,
			);
			path = BlogPost;
			sourceTree = "<group>";
		};
/* End PBXGroup section */

/* Begin PBXNativeTarget section */
		852846AD2B4BC5FB00D3ABC6 /* BlogPost */ = {
			isa = PBXNativeTarget;
			buildConfigurationList = 852846C22B4BC5FC00D3ABC6 /* Build configuration list for PBXNativeTarget "BlogPost" */;
			buildPhases = (
				852846AA2B4BC5FB00D3ABC6 /* Sources */,
				852846AB2B4BC5FB00D3ABC6 /* Frameworks */,
				852846AC2B4BC5FB00D3ABC6 /* Resources */,
			);
			buildRules = (
			);
			dependencies = (
			);
			name = BlogPost;
			productName = BlogPost;
			productReference = 852846AE2B4BC5FB00D3ABC6 /* BlogPost.app */;
			productType = "com.apple.product-type.application";
		};
/* End PBXNativeTarget section */

/* Begin PBXProject section */
		852846A62B4BC5FB00D3ABC6 /* Project object */ = {
			isa = PBXProject;
			attributes = {
				BuildIndependentTargetsInParallel = 1;
				LastSwiftUpdateCheck = 1510;
				LastUpgradeCheck = 1510;
				TargetAttributes = {
					852846AD2B4BC5FB00D3ABC6 = {
						CreatedOnToolsVersion = 15.1;
					};
				};
			};
			buildConfigurationList = 852846A92B4BC5FB00D3ABC6 /* Build configuration list for PBXProject "BlogPost" */;
			compatibilityVersion = "Xcode 14.0";
			developmentRegion = en;
			hasScannedForEncodings = 0;
			knownRegions = (
				en,
				Base,
			);
			mainGroup = 852846A52B4BC5FB00D3ABC6;
			productRefGroup = 852846AF2B4BC5FB00D3ABC6 /* Products */;
			projectDirPath = "";
			projectRoot = "";
			targets = (
				852846AD2B4BC5FB00D3ABC6 /* BlogPost */,
			);
		};
/* End PBXProject section */

/* Begin PBXResourcesBuildPhase section */
		852846AC2B4BC5FB00D3ABC6 /* Resources */ = {
			isa = PBXResourcesBuildPhase;
			buildActionMask = 2147483647;
			files = (
				852846BE2B4BC5FC00D3ABC6 /* LaunchScreen.storyboard in Resources */,
				852846BB2B4BC5FC00D3ABC6 /* Assets.xcassets in Resources */,
				852846B92B4BC5FB00D3ABC6 /* Main.storyboard in Resources */,
			);
			runOnlyForDeploymentPostprocessing = 0;
		};
/* End PBXResourcesBuildPhase section */

/* Begin PBXSourcesBuildPhase section */
		852846AA2B4BC5FB00D3ABC6 /* Sources */ = {
			isa = PBXSourcesBuildPhase;
			buildActionMask = 2147483647;
			files = (
				852846C82B4BC68600D3ABC6 /* ViewModel.swift in Sources */,
				852846C62B4BC60E00D3ABC6 /* BlogPostViewModel.swift in Sources */,
				852846B62B4BC5FB00D3ABC6 /* ViewController.swift in Sources */,
				852846B22B4BC5FB00D3ABC6 /* AppDelegate.swift in Sources */,
				852846B42B4BC5FB00D3ABC6 /* SceneDelegate.swift in Sources */,
			);
			runOnlyForDeploymentPostprocessing = 0;
		};
/* End PBXSourcesBuildPhase section */

/* Begin PBXVariantGroup section */
		852846B72B4BC5FB00D3ABC6 /* Main.storyboard */ = {
			isa = PBXVariantGroup;
			children = (
				852846B82B4BC5FB00D3ABC6 /* Base */,
			);
			name = Main.storyboard;
			sourceTree = "<group>";
		};
		852846BC2B4BC5FC00D3ABC6 /* LaunchScreen.storyboard */ = {
			isa = PBXVariantGroup;
			children = (
				852846BD2B4BC5FC00D3ABC6 /* Base */,
			);
			name = LaunchScreen.storyboard;
			sourceTree = "<group>";
		};
/* End PBXVariantGroup section */

/* Begin XCBuildConfiguration section */
		852846C02B4BC5FC00D3ABC6 /* Debug */ = {
			isa = XCBuildConfiguration;
			buildSettings = {
				ALWAYS_SEARCH_USER_PATHS = NO;
				ASSETCATALOG_COMPILER_GENERATE_SWIFT_ASSET_SYMBOL_EXTENSIONS = YES;
				CLANG_ANALYZER_NONNULL = YES;
				CLANG_ANALYZER_NUMBER_OBJECT_CONVERSION = YES_AGGRESSIVE;
				CLANG_CXX_LANGUAGE_STANDARD = "gnu++20";
				CLANG_ENABLE_MODULES = YES;
				CLANG_ENABLE_OBJC_ARC = YES;
				CLANG_ENABLE_OBJC_WEAK = YES;
				CLANG_WARN_BLOCK_CAPTURE_AUTORELEASING = YES;
				CLANG_WARN_BOOL_CONVERSION = YES;
				CLANG_WARN_COMMA = YES;
				CLANG_WARN_CONSTANT_CONVERSION = YES;
				CLANG_WARN_DEPRECATED_OBJC_IMPLEMENTATIONS = YES;
				CLANG_WARN_DIRECT_OBJC_ISA_USAGE = YES_ERROR;
				CLANG_WARN_DOCUMENTATION_COMMENTS = YES;
				CLANG_WARN_EMPTY_BODY = YES;
				CLANG_WARN_ENUM_CONVERSION = YES;
				CLANG_WARN_INFINITE_RECURSION = YES;
				CLANG_WARN_INT_CONVERSION = YES;
				CLANG_WARN_NON_LITERAL_NULL_CONVERSION = YES;
				CLANG_WARN_OBJC_IMPLICIT_RETAIN_SELF = YES;
				CLANG_WARN_OBJC_LITERAL_CONVERSION = YES;
				CLANG_WARN_OBJC_ROOT_CLASS = YES_ERROR;
				CLANG_WARN_QUOTED_INCLUDE_IN_FRAMEWORK_HEADER = YES;
				CLANG_WARN_RANGE_LOOP_ANALYSIS = YES;
				CLANG_WARN_STRICT_PROTOTYPES = YES;
				CLANG_WARN_SUSPICIOUS_MOVE = YES;
				CLANG_WARN_UNGUARDED_AVAILABILITY = YES_AGGRESSIVE;
				CLANG_WARN_UNREACHABLE_CODE = YES;
				CLANG_WARN__DUPLICATE_METHOD_MATCH = YES;
				COPY_PHASE_STRIP = NO;
				DEBUG_INFORMATION_FORMAT = dwarf;
				ENABLE_STRICT_OBJC_MSGSEND = YES;
				ENABLE_TESTABILITY = YES;
				ENABLE_USER_SCRIPT_SANDBOXING = YES;
				GCC_C_LANGUAGE_STANDARD = gnu17;
				GCC_DYNAMIC_NO_PIC = NO;
				GCC_NO_COMMON_BLOCKS = YES;
				GCC_OPTIMIZATION_LEVEL = 0;
				GCC_PREPROCESSOR_DEFINITIONS = (
					"DEBUG=1",
					"$(inherited)",
				);
				GCC_WARN_64_TO_32_BIT_CONVERSION = YES;
				GCC_WARN_ABOUT_RETURN_TYPE = YES_ERROR;
				GCC_WARN_UNDECLARED_SELECTOR = YES;
				GCC_WARN_UNINITIALIZED_AUTOS = YES_AGGRESSIVE;
				GCC_WARN_UNUSED_FUNCTION = YES;
				GCC_WARN_UNUSED_VARIABLE = YES;
				IPHONEOS_DEPLOYMENT_TARGET = 17.2;
				LOCALIZATION_PREFERS_STRING_CATALOGS = YES;
				MTL_ENABLE_DEBUG_INFO = INCLUDE_SOURCE;
				MTL_FAST_MATH = YES;
				ONLY_ACTIVE_ARCH = YES;
				SDKROOT = iphoneos;
				SWIFT_ACTIVE_COMPILATION_CONDITIONS = "DEBUG $(inherited)";
				SWIFT_OPTIMIZATION_LEVEL = "-Onone";
			};
			name = Debug;
		};
		852846C12B4BC5FC00D3ABC6 /* Release */ = {
			isa = XCBuildConfiguration;
			buildSettings = {
				ALWAYS_SEARCH_USER_PATHS = NO;
				ASSETCATALOG_COMPILER_GENERATE_SWIFT_ASSET_SYMBOL_EXTENSIONS = YES;
				CLANG_ANALYZER_NONNULL = YES;
				CLANG_ANALYZER_NUMBER_OBJECT_CONVERSION = YES_AGGRESSIVE;
				CLANG_CXX_LANGUAGE_STANDARD = "gnu++20";
				CLANG_ENABLE_MODULES = YES;
				CLANG_ENABLE_OBJC_ARC = YES;
				CLANG_ENABLE_OBJC_WEAK = YES;
				CLANG_WARN_BLOCK_CAPTURE_AUTORELEASING = YES;
				CLANG_WARN_BOOL_CONVERSION = YES;
				CLANG_WARN_COMMA = YES;
				CLANG_WARN_CONSTANT_CONVERSION = YES;
				CLANG_WARN_DEPRECATED_OBJC_IMPLEMENTATIONS = YES;
				CLANG_WARN_DIRECT_OBJC_ISA_USAGE = YES_ERROR;
				CLANG_WARN_DOCUMENTATION_COMMENTS = YES;
				CLANG_WARN_EMPTY_BODY = YES;
				CLANG_WARN_ENUM_CONVERSION = YES;
				CLANG_WARN_INFINITE_RECURSION = YES;
				CLANG_WARN_INT_CONVERSION = YES;
				CLANG_WARN_NON_LITERAL_NULL_CONVERSION = YES;
				CLANG_WARN_OBJC_IMPLICIT_RETAIN_SELF = YES;
				CLANG_WARN_OBJC_LITERAL_CONVERSION = YES;
				CLANG_WARN_OBJC_ROOT_CLASS = YES_ERROR;
				CLANG_WARN_QUOTED_INCLUDE_IN_FRAMEWORK_HEADER = YES;
				CLANG_WARN_RANGE_LOOP_ANALYSIS = YES;
				CLANG_WARN_STRICT_PROTOTYPES = YES;
				CLANG_WARN_SUSPICIOUS_MOVE = YES;
				CLANG_WARN_UNGUARDED_AVAILABILITY = YES_AGGRESSIVE;
				CLANG_WARN_UNREACHABLE_CODE = YES;
				CLANG_WARN__DUPLICATE_METHOD_MATCH = YES;
				COPY_PHASE_STRIP = NO;
				DEBUG_INFORMATION_FORMAT = "dwarf-with-dsym";
				ENABLE_NS_ASSERTIONS = NO;
				ENABLE_STRICT_OBJC_MSGSEND = YES;
				ENABLE_USER_SCRIPT_SANDBOXING = YES;
				GCC_C_LANGUAGE_STANDARD = gnu17;
				GCC_NO_COMMON_BLOCKS = YES;
				GCC_WARN_64_TO_32_BIT_CONVERSION = YES;
				GCC_WARN_ABOUT_RETURN_TYPE = YES_ERROR;
				GCC_WARN_UNDECLARED_SELECTOR = YES;
				GCC_WARN_UNINITIALIZED_AUTOS = YES_AGGRESSIVE;
				GCC_WARN_UNUSED_FUNCTION = YES;
				GCC_WARN_UNUSED_VARIABLE = YES;
				IPHONEOS_DEPLOYMENT_TARGET = 17.2;
				LOCALIZATION_PREFERS_STRING_CATALOGS = YES;
				MTL_ENABLE_DEBUG_INFO = NO;
				MTL_FAST_MATH = YES;
				SDKROOT = iphoneos;
				SWIFT_COMPILATION_MODE = wholemodule;
				VALIDATE_PRODUCT = YES;
			};
			name = Release;
		};
		852846C32B4BC5FC00D3ABC6 /* Debug */ = {
			isa = XCBuildConfiguration;
			buildSettings = {
				ASSETCATALOG_COMPILER_APPICON_NAME = AppIcon;
				ASSETCATALOG_COMPILER_GLOBAL_ACCENT_COLOR_NAME = AccentColor;
				CODE_SIGN_STYLE = Automatic;
				CURRENT_PROJECT_VERSION = 1;
				DEVELOPMENT_TEAM = E27K7XB47V;
				GENERATE_INFOPLIST_FILE = YES;
				INFOPLIST_FILE = BlogPost/Info.plist;
				INFOPLIST_KEY_UIApplicationSupportsIndirectInputEvents = YES;
				INFOPLIST_KEY_UILaunchStoryboardName = LaunchScreen;
				INFOPLIST_KEY_UIMainStoryboardFile = Main;
				INFOPLIST_KEY_UISupportedInterfaceOrientations_iPad = "UIInterfaceOrientationPortrait UIInterfaceOrientationPortraitUpsideDown UIInterfaceOrientationLandscapeLeft UIInterfaceOrientationLandscapeRight";
				INFOPLIST_KEY_UISupportedInterfaceOrientations_iPhone = "UIInterfaceOrientationPortrait UIInterfaceOrientationLandscapeLeft UIInterfaceOrientationLandscapeRight";
				LD_RUNPATH_SEARCH_PATHS = (
					"$(inherited)",
					"@executable_path/Frameworks",
				);
				MARKETING_VERSION = 1.0;
				PRODUCT_BUNDLE_IDENTIFIER = com.mnk.BlogPost;
				PRODUCT_NAME = "$(TARGET_NAME)";
				SWIFT_EMIT_LOC_STRINGS = YES;
				SWIFT_VERSION = 5.0;
				TARGETED_DEVICE_FAMILY = "1,2";
			};
			name = Debug;
		};
		852846C42B4BC5FC00D3ABC6 /* Release */ = {
			isa = XCBuildConfiguration;
			buildSettings = {
				ASSETCATALOG_COMPILER_APPICON_NAME = AppIcon;
				ASSETCATALOG_COMPILER_GLOBAL_ACCENT_COLOR_NAME = AccentColor;
				CODE_SIGN_STYLE = Automatic;
				CURRENT_PROJECT_VERSION = 1;
				DEVELOPMENT_TEAM = E27K7XB47V;
				GENERATE_INFOPLIST_FILE = YES;
				INFOPLIST_FILE = BlogPost/Info.plist;
				INFOPLIST_KEY_UIApplicationSupportsIndirectInputEvents = YES;
				INFOPLIST_KEY_UILaunchStoryboardName = LaunchScreen;
				INFOPLIST_KEY_UIMainStoryboardFile = Main;
				INFOPLIST_KEY_UISupportedInterfaceOrientations_iPad = "UIInterfaceOrientationPortrait UIInterfaceOrientationPortraitUpsideDown UIInterfaceOrientationLandscapeLeft UIInterfaceOrientationLandscapeRight";
				INFOPLIST_KEY_UISupportedInterfaceOrientations_iPhone = "UIInterfaceOrientationPortrait UIInterfaceOrientationLandscapeLeft UIInterfaceOrientationLandscapeRight";
				LD_RUNPATH_SEARCH_PATHS = (
					"$(inherited)",
					"@executable_path/Frameworks",
				);
				MARKETING_VERSION = 1.0;
				PRODUCT_BUNDLE_IDENTIFIER = com.mnk.BlogPost;
				PRODUCT_NAME = "$(TARGET_NAME)";
				SWIFT_EMIT_LOC_STRINGS = YES;
				SWIFT_VERSION = 5.0;
				TARGETED_DEVICE_FAMILY = "1,2";
			};
			name = Release;
		};
/* End XCBuildConfiguration section */

/* Begin XCConfigurationList section */
		852846A92B4BC5FB00D3ABC6 /* Build configuration list for PBXProject "BlogPost" */ = {
			isa = XCConfigurationList;
			buildConfigurations = (
				852846C02B4BC5FC00D3ABC6 /* Debug */,
				852846C12B4BC5FC00D3ABC6 /* Release */,
			);
			defaultConfigurationIsVisible = 0;
			defaultConfigurationName = Release;
		};
		852846C22B4BC5FC00D3ABC6 /* Build configuration list for PBXNativeTarget "BlogPost" */ = {
			isa = XCConfigurationList;
			buildConfigurations = (
				852846C32B4BC5FC00D3ABC6 /* Debug */,
				852846C42B4BC5FC00D3ABC6 /* Release */,
			);
			defaultConfigurationIsVisible = 0;
			defaultConfigurationName = Release;
		};
/* End XCConfigurationList section */
	};
	rootObject = 852846A62B4BC5FB00D3ABC6 /* Project object */;
}
